
Microsoft Visual Studio Solution File, Format Version 12.00
# Visual Studio Version 17
VisualStudioVersion = 17.1.32414.318
MinimumVisualStudioVersion = 10.0.40219.1
Project("{9A19103F-16F7-4668-BE54-9A1E7A4F7556}") = "Navyblue.Consul", "Navyblue.Consul\Navyblue.Consul.csproj", "{811D391D-65AB-4D73-9C91-696BB9C9ADCB}"
EndProject
Project("{9A19103F-16F7-4668-BE54-9A1E7A4F7556}") = "TestProject1", "TestProject1\TestProject1.csproj", "{66EAAFB4-F410-4FCD-B99D-B071C95318E6}"
EndProject
Project("{9A19103F-16F7-4668-BE54-9A1E7A4F7556}") = "Navyblue.Consul.Extensions.Discovery", "Navyblue.Consul.Extensions.Discovery\Navyblue.Consul.Extensions.Discovery.csproj", "{B661AA20-0DE4-44A7-8941-F91D28D5B19E}"
EndProject
Project("{9A19103F-16F7-4668-BE54-9A1E7A4F7556}") = "Navyblue.Extensions.Configuration.Consul", "Navyblue.Extensions.Configuration.Consul\Navyblue.Extensions.Configuration.Consul.csproj", "{35EFC289-771E-4EA4-B573-52FB4598C185}"
EndProject
Project("{9A19103F-16F7-4668-BE54-9A1E7A4F7556}") = "Navyblue.Consul.Sample", "Navyblue.Consul.Sample\Navyblue.Consul.Sample.csproj", "{7C21BFA7-2EC6-477A-8AF7-59412CD111A1}"
EndProject
Project("{FAE04EC0-301F-11D3-BF4B-00C04F79EFBC}") = "Navyblue.Consul.Extensions.WebApiClient", "Navyblue.Consul.Extensions.WebApiClient\Navyblue.Consul.Extensions.WebApiClient.csproj", "{9AA426BF-A7ED-4F02-B886-D129F50D5285}"
EndProject
Global
	GlobalSection(SolutionConfigurationPlatforms) = preSolution
		Debug|Any CPU = Debug|Any CPU
		Release|Any CPU = Release|Any CPU
	EndGlobalSection
	GlobalSection(ProjectConfigurationPlatforms) = postSolution
		{811D391D-65AB-4D73-9C91-696BB9C9ADCB}.Debug|Any CPU.ActiveCfg = Debug|Any CPU
		{811D391D-65AB-4D73-9C91-696BB9C9ADCB}.Debug|Any CPU.Build.0 = Debug|Any CPU
		{811D391D-65AB-4D73-9C91-696BB9C9ADCB}.Release|Any CPU.ActiveCfg = Release|Any CPU
		{811D391D-65AB-4D73-9C91-696BB9C9ADCB}.Release|Any CPU.Build.0 = Release|Any CPU
		{66EAAFB4-F410-4FCD-B99D-B071C95318E6}.Debug|Any CPU.ActiveCfg = Debug|Any CPU
		{66EAAFB4-F410-4FCD-B99D-B071C95318E6}.Debug|Any CPU.Build.0 = Debug|Any CPU
		{66EAAFB4-F410-4FCD-B99D-B071C95318E6}.Release|Any CPU.ActiveCfg = Release|Any CPU
		{66EAAFB4-F410-4FCD-B99D-B071C95318E6}.Release|Any CPU.Build.0 = Release|Any CPU
		{B661AA20-0DE4-44A7-8941-F91D28D5B19E}.Debug|Any CPU.ActiveCfg = Debug|Any CPU
		{B661AA20-0DE4-44A7-8941-F91D28D5B19E}.Debug|Any CPU.Build.0 = Debug|Any CPU
		{B661AA20-0DE4-44A7-8941-F91D28D5B19E}.Release|Any CPU.ActiveCfg = Release|Any CPU
		{B661AA20-0DE4-44A7-8941-F91D28D5B19E}.Release|Any CPU.Build.0 = Release|Any CPU
		{35EFC289-771E-4EA4-B573-52FB4598C185}.Debug|Any CPU.ActiveCfg = Debug|Any CPU
		{35EFC289-771E-4EA4-B573-52FB4598C185}.Debug|Any CPU.Build.0 = Debug|Any CPU
		{35EFC289-771E-4EA4-B573-52FB4598C185}.Release|Any CPU.ActiveCfg = Release|Any CPU
		{35EFC289-771E-4EA4-B573-52FB4598C185}.Release|Any CPU.Build.0 = Release|Any CPU
		{7C21BFA7-2EC6-477A-8AF7-59412CD111A1}.Debug|Any CPU.ActiveCfg = Debug|Any CPU
		{7C21BFA7-2EC6-477A-8AF7-59412CD111A1}.Debug|Any CPU.Build.0 = Debug|Any CPU
		{7C21BFA7-2EC6-477A-8AF7-59412CD111A1}.Release|Any CPU.ActiveCfg = Release|Any CPU
		{7C21BFA7-2EC6-477A-8AF7-59412CD111A1}.Release|Any CPU.Build.0 = Release|Any CPU
		{9AA426BF-A7ED-4F02-B886-D129F50D5285}.Debug|Any CPU.ActiveCfg = Debug|Any CPU
		{9AA426BF-A7ED-4F02-B886-D129F50D5285}.Debug|Any CPU.Build.0 = Debug|Any CPU
		{9AA426BF-A7ED-4F02-B886-D129F50D5285}.Release|Any CPU.ActiveCfg = Release|Any CPU
		{9AA426BF-A7ED-4F02-B886-D129F50D5285}.Release|Any CPU.Build.0 = Release|Any CPU
	EndGlobalSection
	GlobalSection(SolutionProperties) = preSolution
		HideSolutionNode = FALSE
	EndGlobalSection
	GlobalSection(ExtensibilityGlobals) = postSolution
		SolutionGuid = {687DAED7-841D-4C1C-9B77-352513BBDEF2}
	EndGlobalSection
EndGlobal
